{
  "name": "@konbakuyomu/smart-search",
  "version": "0.1.25",
  "lockfileVersion": 3,
  "requires": true,
  "packages": {
    "": {
      "name": "@konbakuyomu/smart-search",
      "version": "0.1.25",
      "license": "MIT",
      "bin": {
        "smart-search": "npm/bin/smart-search.js"
      },
      "engines": {
        "node": ">=18"
      },
      "optionalDependencies": {
        "@konbakuyomu/smart-search-darwin-x64": "0.1.25",
        "@konbakuyomu/smart-search-darwin-arm64": "0.1.25",
        "@konbakuyomu/smart-search-win32-x64": "0.1.25",
        "@konbakuyomu/smart-search-win32-arm64": "0.1.25",
        "@konbakuyomu/smart-search-linux-x64": "0.1.25",
        "@konbakuyomu/smart-search-linux-arm64": "0.1.25"
      }
    },
    "node_modules/@konbakuyomu/smart-search-darwin-x64": {
      "version": "0.1.25",
      "resolved": "https://registry.npmjs.org/@konbakuyomu/smart-search-darwin-x64/-/smart-search-darwin-x64-0.1.25.tgz",
      "cpu": [
        "x64"
      ],
      "os": [
        "darwin"
      ],
      "optional": true,
      "license": "MIT"
    },
    "node_modules/@konbakuyomu/smart-search-darwin-arm64": {
      "version": "0.1.25",
      "resolved": "https://registry.npmjs.org/@konbakuyomu/smart-search-darwin-arm64/-/smart-search-darwin-arm64-0.1.25.tgz",
      "cpu": [
        "arm64"
      ],
      "os": [
        "darwin"
      ],
      "optional": true,
      "license": "MIT"
    },
    "node_modules/@konbakuyomu/smart-search-win32-x64": {
      "version": "0.1.25",
      "resolved": "https://registry.npmjs.org/@konbakuyomu/smart-search-win32-x64/-/smart-search-win32-x64-0.1.25.tgz",
      "cpu": [
        "x64"
      ],
      "os": [
        "win32"
      ],
      "optional": true,
      "license": "MIT"
    },
    "node_modules/@konbakuyomu/smart-search-win32-arm64": {
      "version": "0.1.25",
      "resolved": "https://registry.npmjs.org/@konbakuyomu/smart-search-win32-arm64/-/smart-search-win32-arm64-0.1.25.tgz",
      "cpu": [
        "arm64"
      ],
      "os": [
        "win32"
      ],
      "optional": true,
      "license": "MIT"
    },
    "node_modules/@konbakuyomu/smart-search-linux-x64": {
      "version": "0.1.25",
      "resolved": "https://registry.npmjs.org/@konbakuyomu/smart-search-linux-x64/-/smart-search-linux-x64-0.1.25.tgz",
      "cpu": [
        "x64"
      ],
      "os": [
        "linux"
      ],
      "optional": true,
      "license": "MIT",
      "libc": [
        "glibc"
      ]
    },
    "node_modules/@konbakuyomu/smart-search-linux-arm64": {
      "version": "0.1.25",
      "resolved": "https://registry.npmjs.org/@konbakuyomu/smart-search-linux-arm64/-/smart-search-linux-arm64-0.1.25.tgz",
      "cpu": [
        "arm64"
      ],
      "os": [
        "linux"
      ],
      "optional": true,
      "license": "MIT",
      "libc": [
        "glibc"
      ]
    }
  }
}
